
Microsoft Visual Studio Solution File, Format Version 12.00
# Visual Studio Version 17
VisualStudioVersion = 17.4.33205.214
MinimumVisualStudioVersion = 10.0.40219.1
Project("{FAE04EC0-301F-11D3-BF4B-00C04F79EFBC}") = "TypingGame", "TypingGame\TypingGame.csproj", "{958012B9-675A-4BA6-BC82-4673720FC3F4}"
EndProject
Global
	GlobalSection(SolutionConfigurationPlatforms) = preSolution
		Debug|Any CPU = Debug|Any CPU
		Release|Any CPU = Release|Any CPU
	EndGlobalSection
	GlobalSection(ProjectConfigurationPlatforms) = postSolution
		{958012B9-675A-4BA6-BC82-4673720FC3F4}.Debug|Any CPU.ActiveCfg = Debug|Any CPU
		{958012B9-675A-4BA6-BC82-4673720FC3F4}.Debug|Any CPU.Build.0 = Debug|Any CPU
		{958012B9-675A-4BA6-BC82-4673720FC3F4}.Release|Any CPU.ActiveCfg = Release|Any CPU
		{958012B9-675A-4BA6-BC82-4673720FC3F4}.Release|Any CPU.Build.0 = Release|Any CPU
	EndGlobalSection
	GlobalSection(SolutionProperties) = preSolution
		HideSolutionNode = FALSE
	EndGlobalSection
	GlobalSection(ExtensibilityGlobals) = postSolution
		SolutionGuid = {DF765DD0-ABDD-401B-B6F7-BED74FCFFE96}
	EndGlobalSection
EndGlobal
